Microsoft Visual Studio Solution File, Format Version 12.00
# Visual Studio Version 17
VisualStudioVersion = 17.5.2.0
MinimumVisualStudioVersion = 10.0.40219.1
Project("{FAE04EC0-301F-11D3-BF4B-00C04F79EFBC}") = "OrderApi.Tests", "OrderApi.Tests.csproj", "{07040E52-57C7-0513-F648-EA136083ED64}"
EndProject
Global
	GlobalSection(SolutionConfigurationPlatforms) = preSolution
		Debug|Any CPU = Debug|Any CPU
		Release|Any CPU = Release|Any CPU
	EndGlobalSection
	GlobalSection(ProjectConfigurationPlatforms) = postSolution
		{07040E52-57C7-0513-F648-EA136083ED64}.Debug|Any CPU.ActiveCfg = Debug|Any CPU
		{07040E52-57C7-0513-F648-EA136083ED64}.Debug|Any CPU.Build.0 = Debug|Any CPU
		{07040E52-57C7-0513-F648-EA136083ED64}.Release|Any CPU.ActiveCfg = Release|Any CPU
		{07040E52-57C7-0513-F648-EA136083ED64}.Release|Any CPU.Build.0 = Release|Any CPU
	EndGlobalSection
	GlobalSection(SolutionProperties) = preSolution
		HideSolutionNode = FALSE
	EndGlobalSection
	GlobalSection(ExtensibilityGlobals) = postSolution
		SolutionGuid = {B1A7A066-D9CD-476D-8045-9923168B2F2D}
	EndGlobalSection
EndGlobal
